
Microsoft Visual Studio Solution File, Format Version 12.00
# Visual Studio Version 17
VisualStudioVersion = 17.13.35919.96
MinimumVisualStudioVersion = 10.0.40219.1
Project("{FAE04EC0-301F-11D3-BF4B-00C04F79EFBC}") = "api.gateway", "api.gateway\api.gateway.csproj", "{771D8263-21C1-42A1-A0B5-0449905F36DF}"
EndProject
Project("{2150E333-8FDC-42A3-9474-1A3956D46DE8}") = "src", "src", "{02EA681E-C7D8-13C7-8484-4AC65E1B71E8}"
EndProject
Project("{2150E333-8FDC-42A3-9474-1A3956D46DE8}") = "aspire", "aspire", "{4E1E1D69-4125-4000-8B4C-8B684D4F6AA7}"
EndProject
Project("{FAE04EC0-301F-11D3-BF4B-00C04F79EFBC}") = "ServiceDefaults", "aspire\ServiceDefaults\ServiceDefaults.csproj", "{B2CC9794-C56A-F629-4F71-612A664BEFBF}"
EndProject
Project("{FAE04EC0-301F-11D3-BF4B-00C04F79EFBC}") = "product-cloud", "aspire\product-cloud\product-cloud.csproj", "{1D18467E-DB60-8E83-A886-7FD9C0110266}"
EndProject
Project("{FAE04EC0-301F-11D3-BF4B-00C04F79EFBC}") = "BillingService", "src\BillingService\BillingService.csproj", "{E99E008E-CB3C-F8EB-F151-98262ADE5EDD}"
EndProject
Project("{FAE04EC0-301F-11D3-BF4B-00C04F79EFBC}") = "SubscriptionService", "src\SubscriptionService\SubscriptionService.csproj", "{9C7FEC46-6872-DE2C-841C-B57A1808E55F}"
EndProject
Project("{FAE04EC0-301F-11D3-BF4B-00C04F79EFBC}") = "TenantService", "src\TenantService\TenantService.csproj", "{AE303246-85C7-D884-3091-7967F507516E}"
EndProject
Project("{FAE04EC0-301F-11D3-BF4B-00C04F79EFBC}") = "ProductService", "src\ProductService\ProductService.csproj", "{AE867C6C-CEDE-ECCD-C92F-36AFF25C6BDF}"
EndProject
Project("{FAE04EC0-301F-11D3-BF4B-00C04F79EFBC}") = "AuthService", "src\AuthService\AuthService.csproj", "{5C291AE0-4AB8-79EF-E3AE-1E6149BF3055}"
EndProject
Project("{E53339B2-1760-4266-BCC7-CA923CBCF16C}") = "docker-compose", "docker-compose.dcproj", "{81DDED9D-158B-E303-5F62-77A2896D2A5A}"
EndProject
Project("{FAE04EC0-301F-11D3-BF4B-00C04F79EFBC}") = "SharedKernal", "src\SharedKernal\SharedKernal.csproj", "{64AA1D85-B249-87CA-686D-6EF2DE286A80}"
EndProject
Global
	GlobalSection(SolutionConfigurationPlatforms) = preSolution
		Debug|Any CPU = Debug|Any CPU
		Debug|x64 = Debug|x64
		Release|Any CPU = Release|Any CPU
		Release|x64 = Release|x64
	EndGlobalSection
	GlobalSection(ProjectConfigurationPlatforms) = postSolution
		{771D8263-21C1-42A1-A0B5-0449905F36DF}.Debug|Any CPU.ActiveCfg = Debug|Any CPU
		{771D8263-21C1-42A1-A0B5-0449905F36DF}.Debug|Any CPU.Build.0 = Debug|Any CPU
		{771D8263-21C1-42A1-A0B5-0449905F36DF}.Debug|x64.ActiveCfg = Debug|Any CPU
		{771D8263-21C1-42A1-A0B5-0449905F36DF}.Debug|x64.Build.0 = Debug|Any CPU
		{771D8263-21C1-42A1-A0B5-0449905F36DF}.Release|Any CPU.ActiveCfg = Release|Any CPU
		{771D8263-21C1-42A1-A0B5-0449905F36DF}.Release|Any CPU.Build.0 = Release|Any CPU
		{771D8263-21C1-42A1-A0B5-0449905F36DF}.Release|x64.ActiveCfg = Release|Any CPU
		{771D8263-21C1-42A1-A0B5-0449905F36DF}.Release|x64.Build.0 = Release|Any CPU
		{B2CC9794-C56A-F629-4F71-612A664BEFBF}.Debug|Any CPU.ActiveCfg = Debug|Any CPU
		{B2CC9794-C56A-F629-4F71-612A664BEFBF}.Debug|Any CPU.Build.0 = Debug|Any CPU
		{B2CC9794-C56A-F629-4F71-612A664BEFBF}.Debug|x64.ActiveCfg = Debug|Any CPU
		{B2CC9794-C56A-F629-4F71-612A664BEFBF}.Debug|x64.Build.0 = Debug|Any CPU
		{B2CC9794-C56A-F629-4F71-612A664BEFBF}.Release|Any CPU.ActiveCfg = Release|Any CPU
		{B2CC9794-C56A-F629-4F71-612A664BEFBF}.Release|Any CPU.Build.0 = Release|Any CPU
		{B2CC9794-C56A-F629-4F71-612A664BEFBF}.Release|x64.ActiveCfg = Release|Any CPU
		{B2CC9794-C56A-F629-4F71-612A664BEFBF}.Release|x64.Build.0 = Release|Any CPU
		{1D18467E-DB60-8E83-A886-7FD9C0110266}.Debug|Any CPU.ActiveCfg = Debug|Any CPU
		{1D18467E-DB60-8E83-A886-7FD9C0110266}.Debug|Any CPU.Build.0 = Debug|Any CPU
		{1D18467E-DB60-8E83-A886-7FD9C0110266}.Debug|x64.ActiveCfg = Debug|Any CPU
		{1D18467E-DB60-8E83-A886-7FD9C0110266}.Debug|x64.Build.0 = Debug|Any CPU
		{1D18467E-DB60-8E83-A886-7FD9C0110266}.Release|Any CPU.ActiveCfg = Release|Any CPU
		{1D18467E-DB60-8E83-A886-7FD9C0110266}.Release|Any CPU.Build.0 = Release|Any CPU
		{1D18467E-DB60-8E83-A886-7FD9C0110266}.Release|x64.ActiveCfg = Release|Any CPU
		{1D18467E-DB60-8E83-A886-7FD9C0110266}.Release|x64.Build.0 = Release|Any CPU
		{E99E008E-CB3C-F8EB-F151-98262ADE5EDD}.Debug|Any CPU.ActiveCfg = Debug|Any CPU
		{E99E008E-CB3C-F8EB-F151-98262ADE5EDD}.Debug|Any CPU.Build.0 = Debug|Any CPU
		{E99E008E-CB3C-F8EB-F151-98262ADE5EDD}.Debug|x64.ActiveCfg = Debug|Any CPU
		{E99E008E-CB3C-F8EB-F151-98262ADE5EDD}.Debug|x64.Build.0 = Debug|Any CPU
		{E99E008E-CB3C-F8EB-F151-98262ADE5EDD}.Release|Any CPU.ActiveCfg = Release|Any CPU
		{E99E008E-CB3C-F8EB-F151-98262ADE5EDD}.Release|Any CPU.Build.0 = Release|Any CPU
		{E99E008E-CB3C-F8EB-F151-98262ADE5EDD}.Release|x64.ActiveCfg = Release|Any CPU
		{E99E008E-CB3C-F8EB-F151-98262ADE5EDD}.Release|x64.Build.0 = Release|Any CPU
		{9C7FEC46-6872-DE2C-841C-B57A1808E55F}.Debug|Any CPU.ActiveCfg = Debug|Any CPU
		{9C7FEC46-6872-DE2C-841C-B57A1808E55F}.Debug|Any CPU.Build.0 = Debug|Any CPU
		{9C7FEC46-6872-DE2C-841C-B57A1808E55F}.Debug|x64.ActiveCfg = Debug|Any CPU
		{9C7FEC46-6872-DE2C-841C-B57A1808E55F}.Debug|x64.Build.0 = Debug|Any CPU
		{9C7FEC46-6872-DE2C-841C-B57A1808E55F}.Release|Any CPU.ActiveCfg = Release|Any CPU
		{9C7FEC46-6872-DE2C-841C-B57A1808E55F}.Release|Any CPU.Build.0 = Release|Any CPU
		{9C7FEC46-6872-DE2C-841C-B57A1808E55F}.Release|x64.ActiveCfg = Release|Any CPU
		{9C7FEC46-6872-DE2C-841C-B57A1808E55F}.Release|x64.Build.0 = Release|Any CPU
		{AE303246-85C7-D884-3091-7967F507516E}.Debug|Any CPU.ActiveCfg = Debug|Any CPU
		{AE303246-85C7-D884-3091-7967F507516E}.Debug|Any CPU.Build.0 = Debug|Any CPU
		{AE303246-85C7-D884-3091-7967F507516E}.Debug|x64.ActiveCfg = Debug|Any CPU
		{AE303246-85C7-D884-3091-7967F507516E}.Debug|x64.Build.0 = Debug|Any CPU
		{AE303246-85C7-D884-3091-7967F507516E}.Release|Any CPU.ActiveCfg = Release|Any CPU
		{AE303246-85C7-D884-3091-7967F507516E}.Release|Any CPU.Build.0 = Release|Any CPU
		{AE303246-85C7-D884-3091-7967F507516E}.Release|x64.ActiveCfg = Release|Any CPU
		{AE303246-85C7-D884-3091-7967F507516E}.Release|x64.Build.0 = Release|Any CPU
		{AE867C6C-CEDE-ECCD-C92F-36AFF25C6BDF}.Debug|Any CPU.ActiveCfg = Debug|Any CPU
		{AE867C6C-CEDE-ECCD-C92F-36AFF25C6BDF}.Debug|Any CPU.Build.0 = Debug|Any CPU
		{AE867C6C-CEDE-ECCD-C92F-36AFF25C6BDF}.Debug|x64.ActiveCfg = Debug|Any CPU
		{AE867C6C-CEDE-ECCD-C92F-36AFF25C6BDF}.Debug|x64.Build.0 = Debug|Any CPU
		{AE867C6C-CEDE-ECCD-C92F-36AFF25C6BDF}.Release|Any CPU.ActiveCfg = Release|Any CPU
		{AE867C6C-CEDE-ECCD-C92F-36AFF25C6BDF}.Release|Any CPU.Build.0 = Release|Any CPU
		{AE867C6C-CEDE-ECCD-C92F-36AFF25C6BDF}.Release|x64.ActiveCfg = Release|Any CPU
		{AE867C6C-CEDE-ECCD-C92F-36AFF25C6BDF}.Release|x64.Build.0 = Release|Any CPU
		{5C291AE0-4AB8-79EF-E3AE-1E6149BF3055}.Debug|Any CPU.ActiveCfg = Debug|Any CPU
		{5C291AE0-4AB8-79EF-E3AE-1E6149BF3055}.Debug|Any CPU.Build.0 = Debug|Any CPU
		{5C291AE0-4AB8-79EF-E3AE-1E6149BF3055}.Debug|x64.ActiveCfg = Debug|Any CPU
		{5C291AE0-4AB8-79EF-E3AE-1E6149BF3055}.Debug|x64.Build.0 = Debug|Any CPU
		{5C291AE0-4AB8-79EF-E3AE-1E6149BF3055}.Release|Any CPU.ActiveCfg = Release|Any CPU
		{5C291AE0-4AB8-79EF-E3AE-1E6149BF3055}.Release|Any CPU.Build.0 = Release|Any CPU
		{5C291AE0-4AB8-79EF-E3AE-1E6149BF3055}.Release|x64.ActiveCfg = Release|Any CPU
		{5C291AE0-4AB8-79EF-E3AE-1E6149BF3055}.Release|x64.Build.0 = Release|Any CPU
		{81DDED9D-158B-E303-5F62-77A2896D2A5A}.Debug|Any CPU.ActiveCfg = Debug|Any CPU
		{81DDED9D-158B-E303-5F62-77A2896D2A5A}.Debug|Any CPU.Build.0 = Debug|Any CPU
		{81DDED9D-158B-E303-5F62-77A2896D2A5A}.Debug|x64.ActiveCfg = Debug|Any CPU
		{81DDED9D-158B-E303-5F62-77A2896D2A5A}.Debug|x64.Build.0 = Debug|Any CPU
		{81DDED9D-158B-E303-5F62-77A2896D2A5A}.Release|Any CPU.ActiveCfg = Release|Any CPU
		{81DDED9D-158B-E303-5F62-77A2896D2A5A}.Release|Any CPU.Build.0 = Release|Any CPU
		{81DDED9D-158B-E303-5F62-77A2896D2A5A}.Release|x64.ActiveCfg = Release|Any CPU
		{81DDED9D-158B-E303-5F62-77A2896D2A5A}.Release|x64.Build.0 = Release|Any CPU
		{64AA1D85-B249-87CA-686D-6EF2DE286A80}.Debug|Any CPU.ActiveCfg = Debug|Any CPU
		{64AA1D85-B249-87CA-686D-6EF2DE286A80}.Debug|Any CPU.Build.0 = Debug|Any CPU
		{64AA1D85-B249-87CA-686D-6EF2DE286A80}.Debug|x64.ActiveCfg = Debug|Any CPU
		{64AA1D85-B249-87CA-686D-6EF2DE286A80}.Debug|x64.Build.0 = Debug|Any CPU
		{64AA1D85-B249-87CA-686D-6EF2DE286A80}.Release|Any CPU.ActiveCfg = Release|Any CPU
		{64AA1D85-B249-87CA-686D-6EF2DE286A80}.Release|Any CPU.Build.0 = Release|Any CPU
		{64AA1D85-B249-87CA-686D-6EF2DE286A80}.Release|x64.ActiveCfg = Release|Any CPU
		{64AA1D85-B249-87CA-686D-6EF2DE286A80}.Release|x64.Build.0 = Release|Any CPU
	EndGlobalSection
	GlobalSection(SolutionProperties) = preSolution
		HideSolutionNode = FALSE
	EndGlobalSection
	GlobalSection(NestedProjects) = preSolution
		{B2CC9794-C56A-F629-4F71-612A664BEFBF} = {4E1E1D69-4125-4000-8B4C-8B684D4F6AA7}
		{1D18467E-DB60-8E83-A886-7FD9C0110266} = {4E1E1D69-4125-4000-8B4C-8B684D4F6AA7}
		{E99E008E-CB3C-F8EB-F151-98262ADE5EDD} = {02EA681E-C7D8-13C7-8484-4AC65E1B71E8}
		{9C7FEC46-6872-DE2C-841C-B57A1808E55F} = {02EA681E-C7D8-13C7-8484-4AC65E1B71E8}
		{AE303246-85C7-D884-3091-7967F507516E} = {02EA681E-C7D8-13C7-8484-4AC65E1B71E8}
		{AE867C6C-CEDE-ECCD-C92F-36AFF25C6BDF} = {02EA681E-C7D8-13C7-8484-4AC65E1B71E8}
		{5C291AE0-4AB8-79EF-E3AE-1E6149BF3055} = {02EA681E-C7D8-13C7-8484-4AC65E1B71E8}
		{64AA1D85-B249-87CA-686D-6EF2DE286A80} = {02EA681E-C7D8-13C7-8484-4AC65E1B71E8}
	EndGlobalSection
	GlobalSection(ExtensibilityGlobals) = postSolution
		SolutionGuid = {B434EB7B-8CBF-4A4D-85D9-67EC38C24C8C}
	EndGlobalSection
EndGlobal
