
Microsoft Visual Studio Solution File, Format Version 12.00
# Visual Studio Version 17
VisualStudioVersion = 17.13.35919.96
MinimumVisualStudioVersion = 10.0.40219.1
Project("{2150E333-8FDC-42A3-9474-1A3956D46DE8}") = "Solution Items", "Solution Items", "{62A2CB6F-F109-4B66-A90A-D150FB160DD8}"
	ProjectSection(SolutionItems) = preProject
		.editorconfig = .editorconfig
		Directory.Build.props = Directory.Build.props
		Directory.Packages.props = Directory.Packages.props
	EndProjectSection
EndProject
Project("{2150E333-8FDC-42A3-9474-1A3956D46DE8}") = "src", "src", "{02EA681E-C7D8-13C7-8484-4AC65E1B71E8}"
EndProject
Project("{2150E333-8FDC-42A3-9474-1A3956D46DE8}") = "Aspire", "Aspire", "{2D11F48F-09B4-48E1-A7C8-AF22810C33A6}"
EndProject
Project("{FAE04EC0-301F-11D3-BF4B-00C04F79EFBC}") = "ProductCloud.Host", "src\Aspire\ProductCloud.Host\ProductCloud.Host.csproj", "{BA47277A-FE3E-5443-76C4-D574D2319CBC}"
EndProject
Project("{FAE04EC0-301F-11D3-BF4B-00C04F79EFBC}") = "ProductCloud.ServiceDefaults", "src\Aspire\ProductCloud.ServiceDefaults\ProductCloud.ServiceDefaults.csproj", "{FC48408C-5E07-A8FA-8031-8CEBD02E66AA}"
EndProject
Project("{2150E333-8FDC-42A3-9474-1A3956D46DE8}") = "BuildingBlocks", "BuildingBlocks", "{3CD62FA2-AEF9-4924-98F6-01A5B94EF66D}"
EndProject
Project("{FAE04EC0-301F-11D3-BF4B-00C04F79EFBC}") = "ProductCloud.SharedKernal", "src\BuildingBlocks\ProductCloud.SharedKernal\ProductCloud.SharedKernal.csproj", "{B92ED887-DC0B-CE08-73F0-05916887989A}"
EndProject
Project("{2150E333-8FDC-42A3-9474-1A3956D46DE8}") = "Services", "Services", "{1B56F6D3-3A39-49FE-8953-A5D1F5E7B88F}"
EndProject
Project("{FAE04EC0-301F-11D3-BF4B-00C04F79EFBC}") = "AuthService", "src\Services\AuthService\AuthService.csproj", "{4B8C34B8-9B22-1F3C-6A11-DAE5939D9ADF}"
EndProject
Project("{FAE04EC0-301F-11D3-BF4B-00C04F79EFBC}") = "BillingService", "src\Services\BillingService\BillingService.csproj", "{F048652F-D228-EC57-7B74-B448C1734B20}"
EndProject
Project("{FAE04EC0-301F-11D3-BF4B-00C04F79EFBC}") = "ProductService", "src\Services\ProductService\ProductService.csproj", "{0DF7667A-6367-F50A-1074-CE518CF852C9}"
EndProject
Project("{FAE04EC0-301F-11D3-BF4B-00C04F79EFBC}") = "SubscriptionService", "src\Services\SubscriptionService\SubscriptionService.csproj", "{D8F934BC-EFC1-B8E3-9BD1-A5B8BAC3B52D}"
EndProject
Project("{FAE04EC0-301F-11D3-BF4B-00C04F79EFBC}") = "TenantService", "src\Services\TenantService\TenantService.csproj", "{6BDD3810-252E-D352-6CE2-790C661E5435}"
EndProject
Project("{FAE04EC0-301F-11D3-BF4B-00C04F79EFBC}") = "api.gateway", "src\api.gateway\api.gateway.csproj", "{B2D30F3B-A54C-2617-8A20-25E8BE79867E}"
EndProject
Project("{E53339B2-1760-4266-BCC7-CA923CBCF16C}") = "docker-compose", "docker-compose.dcproj", "{81DDED9D-158B-E303-5F62-77A2896D2A5A}"
EndProject
Global
	GlobalSection(SolutionConfigurationPlatforms) = preSolution
		Debug|Any CPU = Debug|Any CPU
		Debug|x64 = Debug|x64
		Release|Any CPU = Release|Any CPU
		Release|x64 = Release|x64
	EndGlobalSection
	GlobalSection(ProjectConfigurationPlatforms) = postSolution
		{BA47277A-FE3E-5443-76C4-D574D2319CBC}.Debug|Any CPU.ActiveCfg = Debug|Any CPU
		{BA47277A-FE3E-5443-76C4-D574D2319CBC}.Debug|Any CPU.Build.0 = Debug|Any CPU
		{BA47277A-FE3E-5443-76C4-D574D2319CBC}.Debug|x64.ActiveCfg = Debug|Any CPU
		{BA47277A-FE3E-5443-76C4-D574D2319CBC}.Debug|x64.Build.0 = Debug|Any CPU
		{BA47277A-FE3E-5443-76C4-D574D2319CBC}.Release|Any CPU.ActiveCfg = Release|Any CPU
		{BA47277A-FE3E-5443-76C4-D574D2319CBC}.Release|Any CPU.Build.0 = Release|Any CPU
		{BA47277A-FE3E-5443-76C4-D574D2319CBC}.Release|x64.ActiveCfg = Release|Any CPU
		{BA47277A-FE3E-5443-76C4-D574D2319CBC}.Release|x64.Build.0 = Release|Any CPU
		{FC48408C-5E07-A8FA-8031-8CEBD02E66AA}.Debug|Any CPU.ActiveCfg = Debug|Any CPU
		{FC48408C-5E07-A8FA-8031-8CEBD02E66AA}.Debug|Any CPU.Build.0 = Debug|Any CPU
		{FC48408C-5E07-A8FA-8031-8CEBD02E66AA}.Debug|x64.ActiveCfg = Debug|Any CPU
		{FC48408C-5E07-A8FA-8031-8CEBD02E66AA}.Debug|x64.Build.0 = Debug|Any CPU
		{FC48408C-5E07-A8FA-8031-8CEBD02E66AA}.Release|Any CPU.ActiveCfg = Release|Any CPU
		{FC48408C-5E07-A8FA-8031-8CEBD02E66AA}.Release|Any CPU.Build.0 = Release|Any CPU
		{FC48408C-5E07-A8FA-8031-8CEBD02E66AA}.Release|x64.ActiveCfg = Release|Any CPU
		{FC48408C-5E07-A8FA-8031-8CEBD02E66AA}.Release|x64.Build.0 = Release|Any CPU
		{B92ED887-DC0B-CE08-73F0-05916887989A}.Debug|Any CPU.ActiveCfg = Debug|Any CPU
		{B92ED887-DC0B-CE08-73F0-05916887989A}.Debug|Any CPU.Build.0 = Debug|Any CPU
		{B92ED887-DC0B-CE08-73F0-05916887989A}.Debug|x64.ActiveCfg = Debug|Any CPU
		{B92ED887-DC0B-CE08-73F0-05916887989A}.Debug|x64.Build.0 = Debug|Any CPU
		{B92ED887-DC0B-CE08-73F0-05916887989A}.Release|Any CPU.ActiveCfg = Release|Any CPU
		{B92ED887-DC0B-CE08-73F0-05916887989A}.Release|Any CPU.Build.0 = Release|Any CPU
		{B92ED887-DC0B-CE08-73F0-05916887989A}.Release|x64.ActiveCfg = Release|Any CPU
		{B92ED887-DC0B-CE08-73F0-05916887989A}.Release|x64.Build.0 = Release|Any CPU
		{4B8C34B8-9B22-1F3C-6A11-DAE5939D9ADF}.Debug|Any CPU.ActiveCfg = Debug|Any CPU
		{4B8C34B8-9B22-1F3C-6A11-DAE5939D9ADF}.Debug|Any CPU.Build.0 = Debug|Any CPU
		{4B8C34B8-9B22-1F3C-6A11-DAE5939D9ADF}.Debug|x64.ActiveCfg = Debug|Any CPU
		{4B8C34B8-9B22-1F3C-6A11-DAE5939D9ADF}.Debug|x64.Build.0 = Debug|Any CPU
		{4B8C34B8-9B22-1F3C-6A11-DAE5939D9ADF}.Release|Any CPU.ActiveCfg = Release|Any CPU
		{4B8C34B8-9B22-1F3C-6A11-DAE5939D9ADF}.Release|Any CPU.Build.0 = Release|Any CPU
		{4B8C34B8-9B22-1F3C-6A11-DAE5939D9ADF}.Release|x64.ActiveCfg = Release|Any CPU
		{4B8C34B8-9B22-1F3C-6A11-DAE5939D9ADF}.Release|x64.Build.0 = Release|Any CPU
		{F048652F-D228-EC57-7B74-B448C1734B20}.Debug|Any CPU.ActiveCfg = Debug|Any CPU
		{F048652F-D228-EC57-7B74-B448C1734B20}.Debug|Any CPU.Build.0 = Debug|Any CPU
		{F048652F-D228-EC57-7B74-B448C1734B20}.Debug|x64.ActiveCfg = Debug|Any CPU
		{F048652F-D228-EC57-7B74-B448C1734B20}.Debug|x64.Build.0 = Debug|Any CPU
		{F048652F-D228-EC57-7B74-B448C1734B20}.Release|Any CPU.ActiveCfg = Release|Any CPU
		{F048652F-D228-EC57-7B74-B448C1734B20}.Release|Any CPU.Build.0 = Release|Any CPU
		{F048652F-D228-EC57-7B74-B448C1734B20}.Release|x64.ActiveCfg = Release|Any CPU
		{F048652F-D228-EC57-7B74-B448C1734B20}.Release|x64.Build.0 = Release|Any CPU
		{0DF7667A-6367-F50A-1074-CE518CF852C9}.Debug|Any CPU.ActiveCfg = Debug|Any CPU
		{0DF7667A-6367-F50A-1074-CE518CF852C9}.Debug|Any CPU.Build.0 = Debug|Any CPU
		{0DF7667A-6367-F50A-1074-CE518CF852C9}.Debug|x64.ActiveCfg = Debug|Any CPU
		{0DF7667A-6367-F50A-1074-CE518CF852C9}.Debug|x64.Build.0 = Debug|Any CPU
		{0DF7667A-6367-F50A-1074-CE518CF852C9}.Release|Any CPU.ActiveCfg = Release|Any CPU
		{0DF7667A-6367-F50A-1074-CE518CF852C9}.Release|Any CPU.Build.0 = Release|Any CPU
		{0DF7667A-6367-F50A-1074-CE518CF852C9}.Release|x64.ActiveCfg = Release|Any CPU
		{0DF7667A-6367-F50A-1074-CE518CF852C9}.Release|x64.Build.0 = Release|Any CPU
		{D8F934BC-EFC1-B8E3-9BD1-A5B8BAC3B52D}.Debug|Any CPU.ActiveCfg = Debug|Any CPU
		{D8F934BC-EFC1-B8E3-9BD1-A5B8BAC3B52D}.Debug|Any CPU.Build.0 = Debug|Any CPU
		{D8F934BC-EFC1-B8E3-9BD1-A5B8BAC3B52D}.Debug|x64.ActiveCfg = Debug|Any CPU
		{D8F934BC-EFC1-B8E3-9BD1-A5B8BAC3B52D}.Debug|x64.Build.0 = Debug|Any CPU
		{D8F934BC-EFC1-B8E3-9BD1-A5B8BAC3B52D}.Release|Any CPU.ActiveCfg = Release|Any CPU
		{D8F934BC-EFC1-B8E3-9BD1-A5B8BAC3B52D}.Release|Any CPU.Build.0 = Release|Any CPU
		{D8F934BC-EFC1-B8E3-9BD1-A5B8BAC3B52D}.Release|x64.ActiveCfg = Release|Any CPU
		{D8F934BC-EFC1-B8E3-9BD1-A5B8BAC3B52D}.Release|x64.Build.0 = Release|Any CPU
		{6BDD3810-252E-D352-6CE2-790C661E5435}.Debug|Any CPU.ActiveCfg = Debug|Any CPU
		{6BDD3810-252E-D352-6CE2-790C661E5435}.Debug|Any CPU.Build.0 = Debug|Any CPU
		{6BDD3810-252E-D352-6CE2-790C661E5435}.Debug|x64.ActiveCfg = Debug|Any CPU
		{6BDD3810-252E-D352-6CE2-790C661E5435}.Debug|x64.Build.0 = Debug|Any CPU
		{6BDD3810-252E-D352-6CE2-790C661E5435}.Release|Any CPU.ActiveCfg = Release|Any CPU
		{6BDD3810-252E-D352-6CE2-790C661E5435}.Release|Any CPU.Build.0 = Release|Any CPU
		{6BDD3810-252E-D352-6CE2-790C661E5435}.Release|x64.ActiveCfg = Release|Any CPU
		{6BDD3810-252E-D352-6CE2-790C661E5435}.Release|x64.Build.0 = Release|Any CPU
		{B2D30F3B-A54C-2617-8A20-25E8BE79867E}.Debug|Any CPU.ActiveCfg = Debug|Any CPU
		{B2D30F3B-A54C-2617-8A20-25E8BE79867E}.Debug|Any CPU.Build.0 = Debug|Any CPU
		{B2D30F3B-A54C-2617-8A20-25E8BE79867E}.Debug|x64.ActiveCfg = Debug|Any CPU
		{B2D30F3B-A54C-2617-8A20-25E8BE79867E}.Debug|x64.Build.0 = Debug|Any CPU
		{B2D30F3B-A54C-2617-8A20-25E8BE79867E}.Release|Any CPU.ActiveCfg = Release|Any CPU
		{B2D30F3B-A54C-2617-8A20-25E8BE79867E}.Release|Any CPU.Build.0 = Release|Any CPU
		{B2D30F3B-A54C-2617-8A20-25E8BE79867E}.Release|x64.ActiveCfg = Release|Any CPU
		{B2D30F3B-A54C-2617-8A20-25E8BE79867E}.Release|x64.Build.0 = Release|Any CPU
		{81DDED9D-158B-E303-5F62-77A2896D2A5A}.Debug|Any CPU.ActiveCfg = Debug|Any CPU
		{81DDED9D-158B-E303-5F62-77A2896D2A5A}.Debug|Any CPU.Build.0 = Debug|Any CPU
		{81DDED9D-158B-E303-5F62-77A2896D2A5A}.Debug|x64.ActiveCfg = Debug|Any CPU
		{81DDED9D-158B-E303-5F62-77A2896D2A5A}.Debug|x64.Build.0 = Debug|Any CPU
		{81DDED9D-158B-E303-5F62-77A2896D2A5A}.Release|Any CPU.ActiveCfg = Release|Any CPU
		{81DDED9D-158B-E303-5F62-77A2896D2A5A}.Release|Any CPU.Build.0 = Release|Any CPU
		{81DDED9D-158B-E303-5F62-77A2896D2A5A}.Release|x64.ActiveCfg = Release|Any CPU
		{81DDED9D-158B-E303-5F62-77A2896D2A5A}.Release|x64.Build.0 = Release|Any CPU
	EndGlobalSection
	GlobalSection(SolutionProperties) = preSolution
		HideSolutionNode = FALSE
	EndGlobalSection
	GlobalSection(NestedProjects) = preSolution
		{2D11F48F-09B4-48E1-A7C8-AF22810C33A6} = {02EA681E-C7D8-13C7-8484-4AC65E1B71E8}
		{BA47277A-FE3E-5443-76C4-D574D2319CBC} = {2D11F48F-09B4-48E1-A7C8-AF22810C33A6}
		{FC48408C-5E07-A8FA-8031-8CEBD02E66AA} = {2D11F48F-09B4-48E1-A7C8-AF22810C33A6}
		{3CD62FA2-AEF9-4924-98F6-01A5B94EF66D} = {02EA681E-C7D8-13C7-8484-4AC65E1B71E8}
		{B92ED887-DC0B-CE08-73F0-05916887989A} = {3CD62FA2-AEF9-4924-98F6-01A5B94EF66D}
		{1B56F6D3-3A39-49FE-8953-A5D1F5E7B88F} = {02EA681E-C7D8-13C7-8484-4AC65E1B71E8}
		{4B8C34B8-9B22-1F3C-6A11-DAE5939D9ADF} = {1B56F6D3-3A39-49FE-8953-A5D1F5E7B88F}
		{F048652F-D228-EC57-7B74-B448C1734B20} = {1B56F6D3-3A39-49FE-8953-A5D1F5E7B88F}
		{0DF7667A-6367-F50A-1074-CE518CF852C9} = {1B56F6D3-3A39-49FE-8953-A5D1F5E7B88F}
		{D8F934BC-EFC1-B8E3-9BD1-A5B8BAC3B52D} = {1B56F6D3-3A39-49FE-8953-A5D1F5E7B88F}
		{6BDD3810-252E-D352-6CE2-790C661E5435} = {1B56F6D3-3A39-49FE-8953-A5D1F5E7B88F}
		{B2D30F3B-A54C-2617-8A20-25E8BE79867E} = {02EA681E-C7D8-13C7-8484-4AC65E1B71E8}
	EndGlobalSection
	GlobalSection(ExtensibilityGlobals) = postSolution
		SolutionGuid = {B434EB7B-8CBF-4A4D-85D9-67EC38C24C8C}
	EndGlobalSection
EndGlobal
